# generated by rye
# use `rye lock` or `rye sync` to update this lockfile
#
# last locked with the following flags:
#   pre: false
#   features: []
#   all-features: false
#   with-sources: false
#   generate-hashes: false
#   universal: false

-e file:.
anyio==4.10.0
    # via httpx
certifi==2025.8.3
    # via httpcore
    # via httpx
h11==0.16.0
    # via httpcore
httpcore==1.0.9
    # via httpx
httpx==0.28.1
    # via paddlepaddle
idna==3.10
    # via anyio
    # via httpx
networkx==3.5
    # via paddlepaddle
numpy==2.3.2
    # via onnx
    # via opt-einsum
    # via paddlepaddle
onnx==1.17.0
    # via paddle2onnx
opt-einsum==3.3.0
    # via paddlepaddle
packaging==25.0
    # via train
paddle2onnx==2.0.2rc3
    # via train
paddlepaddle==3.1.1
    # via train
pillow==11.3.0
    # via paddlepaddle
polygraphy==0.49.26
    # via paddle2onnx
protobuf==6.32.0
    # via onnx
    # via paddlepaddle
setuptools==80.9.0
    # via train
sniffio==1.3.1
    # via anyio
typing-extensions==4.15.0
    # via anyio
    # via paddlepaddle
